// !$*UTF8*$!
{
	archiveVersion = 1;
	classes = {
	};
	objectVersion = 46;
	objects = {

/* Begin PBXBuildFile section */
		08490ABD16E2BA11007CF3E6 /* MediaPlayer.framework in Frameworks */ = {isa = PBXBuildFile; fileRef = 08490ABC16E2BA11007CF3E6 /* MediaPlayer.framework */; };
		08490AC216E2BA24007CF3E6 /* CFNetwork.framework in Frameworks */ = {isa = PBXBuildFile; fileRef = 08490AC116E2BA24007CF3E6 /* CFNetwork.framework */; };
		08490AEE16E2CFEE007CF3E6 /* DSDiscoRoomViewController.m in Sources */ = {isa = PBXBuildFile; fileRef = 08490AED16E2CFED007CF3E6 /* DSDiscoRoomViewController.m */; };
		0889FAA316E3F4AA00223407 /* libicucore.dylib in Frameworks */ = {isa = PBXBuildFile; fileRef = 0889FAA216E3F4AA00223407 /* libicucore.dylib */; };
		0889FABB16E4008200223407 /* Icon-72.png in Resources */ = {isa = PBXBuildFile; fileRef = 0889FAAD16E4008200223407 /* Icon-72.png */; };
		0889FABC16E4008200223407 /* Icon-72@2x.png in Resources */ = {isa = PBXBuildFile; fileRef = 0889FAAE16E4008200223407 /* Icon-72@2x.png */; };
		0889FABD16E4008200223407 /* Icon-Small-50.png in Resources */ = {isa = PBXBuildFile; fileRef = 0889FAAF16E4008200223407 /* Icon-Small-50.png */; };
		0889FABE16E4008200223407 /* Icon-Small-50@2x.png in Resources */ = {isa = PBXBuildFile; fileRef = 0889FAB016E4008200223407 /* Icon-Small-50@2x.png */; };
		0889FABF16E4008200223407 /* Icon-Small.png in Resources */ = {isa = PBXBuildFile; fileRef = 0889FAB116E4008200223407 /* Icon-Small.png */; };
		0889FAC016E4008200223407 /* Icon-Small@2x.png in Resources */ = {isa = PBXBuildFile; fileRef = 0889FAB216E4008200223407 /* Icon-Small@2x.png */; };
		0889FAC116E4008200223407 /* Icon.png in Resources */ = {isa = PBXBuildFile; fileRef = 0889FAB316E4008200223407 /* Icon.png */; };
		0889FAC216E4008200223407 /* Icon@2x.png in Resources */ = {isa = PBXBuildFile; fileRef = 0889FAB416E4008200223407 /* Icon@2x.png */; };
		0889FAC316E4008200223407 /* iTunesArtwork.png in Resources */ = {isa = PBXBuildFile; fileRef = 0889FAB516E4008200223407 /* iTunesArtwork.png */; };
		0889FAC416E4008200223407 /* iTunesArtwork@2x.png in Resources */ = {isa = PBXBuildFile; fileRef = 0889FAB616E4008200223407 /* iTunesArtwork@2x.png */; };
		0889FAC516E4008200223407 /* nav-logo.png in Resources */ = {isa = PBXBuildFile; fileRef = 0889FAB716E4008200223407 /* nav-logo.png */; };
		0889FAC616E4008200223407 /* nav-logo@2x.png in Resources */ = {isa = PBXBuildFile; fileRef = 0889FAB816E4008200223407 /* nav-logo@2x.png */; };
		0889FAC716E4008200223407 /* rock.png in Resources */ = {isa = PBXBuildFile; fileRef = 0889FAB916E4008200223407 /* rock.png */; };
		0889FAC816E4008200223407 /* sync-button@2x-02.png in Resources */ = {isa = PBXBuildFile; fileRef = 0889FABA16E4008200223407 /* sync-button@2x-02.png */; };
		0889FAF216E41FEF00223407 /* room-1@2x.png in Resources */ = {isa = PBXBuildFile; fileRef = 0889FAEF16E41FEF00223407 /* room-1@2x.png */; };
		0889FAF316E41FEF00223407 /* room-2@2x.png in Resources */ = {isa = PBXBuildFile; fileRef = 0889FAF016E41FEF00223407 /* room-2@2x.png */; };
		0889FAF416E41FEF00223407 /* room-3@2x.png in Resources */ = {isa = PBXBuildFile; fileRef = 0889FAF116E41FEF00223407 /* room-3@2x.png */; };
		089EA48316E325D600F03AC0 /* DSCell.m in Sources */ = {isa = PBXBuildFile; fileRef = 089EA48216E325D600F03AC0 /* DSCell.m */; };
		08B425EA16E3355D00A2C729 /* Firebase.framework in Frameworks */ = {isa = PBXBuildFile; fileRef = 084911A216E31584007CF3E6 /* Firebase.framework */; };
		08B425EB16E3358400A2C729 /* Security.framework in Frameworks */ = {isa = PBXBuildFile; fileRef = 0849115C16E3011F007CF3E6 /* Security.framework */; };
		6595613B16E2AEE700481BA5 /* UIKit.framework in Frameworks */ = {isa = PBXBuildFile; fileRef = 6595613A16E2AEE700481BA5 /* UIKit.framework */; };
		6595613D16E2AEE700481BA5 /* Foundation.framework in Frameworks */ = {isa = PBXBuildFile; fileRef = 6595613C16E2AEE700481BA5 /* Foundation.framework */; };
		6595613F16E2AEE700481BA5 /* CoreGraphics.framework in Frameworks */ = {isa = PBXBuildFile; fileRef = 6595613E16E2AEE700481BA5 /* CoreGraphics.framework */; };
		6595614516E2AEE700481BA5 /* InfoPlist.strings in Resources */ = {isa = PBXBuildFile; fileRef = 6595614316E2AEE700481BA5 /* InfoPlist.strings */; };
		6595614716E2AEE700481BA5 /* main.m in Sources */ = {isa = PBXBuildFile; fileRef = 6595614616E2AEE700481BA5 /* main.m */; };
		6595614B16E2AEE700481BA5 /* DSAppDelegate.m in Sources */ = {isa = PBXBuildFile; fileRef = 6595614A16E2AEE700481BA5 /* DSAppDelegate.m */; };
		6595614D16E2AEE700481BA5 /* Default.png in Resources */ = {isa = PBXBuildFile; fileRef = 6595614C16E2AEE700481BA5 /* Default.png */; };
		6595614F16E2AEE700481BA5 /* Default@2x.png in Resources */ = {isa = PBXBuildFile; fileRef = 6595614E16E2AEE700481BA5 /* Default@2x.png */; };
		6595615116E2AEE700481BA5 /* Default-568h@2x.png in Resources */ = {isa = PBXBuildFile; fileRef = 6595615016E2AEE700481BA5 /* Default-568h@2x.png */; };
		6595615416E2AEE700481BA5 /* MainStoryboard.storyboard in Resources */ = {isa = PBXBuildFile; fileRef = 6595615216E2AEE700481BA5 /* MainStoryboard.storyboard */; };
		6595615716E2AEE700481BA5 /* DSViewController.m in Sources */ = {isa = PBXBuildFile; fileRef = 6595615616E2AEE700481BA5 /* DSViewController.m */; };
/* End PBXBuildFile section */

/* Begin PBXFileReference section */
		08490AA516E2B293007CF3E6 /* CoreAudio.framework */ = {isa = PBXFileReference; lastKnownFileType = wrapper.framework; name = CoreAudio.framework; path = System/Library/Frameworks/CoreAudio.framework; sourceTree = SDKROOT; };
		08490ABC16E2BA11007CF3E6 /* MediaPlayer.framework */ = {isa = PBXFileReference; lastKnownFileType = wrapper.framework; name = MediaPlayer.framework; path = System/Library/Frameworks/MediaPlayer.framework; sourceTree = SDKROOT; };
		08490ABF16E2BA1A007CF3E6 /* AudioToolbox.framework */ = {isa = PBXFileReference; lastKnownFileType = wrapper.framework; name = AudioToolbox.framework; path = System/Library/Frameworks/AudioToolbox.framework; sourceTree = SDKROOT; };
		08490AC116E2BA24007CF3E6 /* CFNetwork.framework */ = {isa = PBXFileReference; lastKnownFileType = wrapper.framework; name = CFNetwork.framework; path = System/Library/Frameworks/CFNetwork.framework; sourceTree = SDKROOT; };
		08490AC316E2BA2B007CF3E6 /* QuartzCore.framework */ = {isa = PBXFileReference; lastKnownFileType = wrapper.framework; name = QuartzCore.framework; path = System/Library/Frameworks/QuartzCore.framework; sourceTree = SDKROOT; };
		08490AEC16E2CFED007CF3E6 /* DSDiscoRoomViewController.h */ = {isa = PBXFileReference; fileEncoding = 4; lastKnownFileType = sourcecode.c.h; path = DSDiscoRoomViewController.h; sourceTree = "<group>"; };
		08490AED16E2CFED007CF3E6 /* DSDiscoRoomViewController.m */ = {isa = PBXFileReference; fileEncoding = 4; lastKnownFileType = sourcecode.c.objc; path = DSDiscoRoomViewController.m; sourceTree = "<group>"; };
		08490B5916E2FCAD007CF3E6 /* SocketTesterARC.xcodeproj */ = {isa = PBXFileReference; lastKnownFileType = "wrapper.pb-project"; path = SocketTesterARC.xcodeproj; sourceTree = "<group>"; };
		08490BD016E2FEC2007CF3E6 /* SBJson.xcodeproj */ = {isa = PBXFileReference; lastKnownFileType = "wrapper.pb-project"; path = SBJson.xcodeproj; sourceTree = "<group>"; };
		08490E7116E2FEC3007CF3E6 /* SocketRocket.xcodeproj */ = {isa = PBXFileReference; lastKnownFileType = "wrapper.pb-project"; path = SocketRocket.xcodeproj; sourceTree = "<group>"; };
		0849115C16E3011F007CF3E6 /* Security.framework */ = {isa = PBXFileReference; lastKnownFileType = wrapper.framework; name = Security.framework; path = System/Library/Frameworks/Security.framework; sourceTree = SDKROOT; };
		084911A216E31584007CF3E6 /* Firebase.framework */ = {isa = PBXFileReference; lastKnownFileType = wrapper.framework; path = Firebase.framework; sourceTree = "<group>"; };
		0889FAA216E3F4AA00223407 /* libicucore.dylib */ = {isa = PBXFileReference; lastKnownFileType = "compiled.mach-o.dylib"; name = libicucore.dylib; path = usr/lib/libicucore.dylib; sourceTree = SDKROOT; };
		0889FAAD16E4008200223407 /* Icon-72.png */ = {isa = PBXFileReference; lastKnownFileType = image.png; path = "Icon-72.png"; sourceTree = "<group>"; };
		0889FAAE16E4008200223407 /* Icon-72@2x.png */ = {isa = PBXFileReference; lastKnownFileType = image.png; path = "Icon-72@2x.png"; sourceTree = "<group>"; };
		0889FAAF16E4008200223407 /* Icon-Small-50.png */ = {isa = PBXFileReference; lastKnownFileType = image.png; path = "Icon-Small-50.png"; sourceTree = "<group>"; };
		0889FAB016E4008200223407 /* Icon-Small-50@2x.png */ = {isa = PBXFileReference; lastKnownFileType = image.png; path = "Icon-Small-50@2x.png"; sourceTree = "<group>"; };
		0889FAB116E4008200223407 /* Icon-Small.png */ = {isa = PBXFileReference; lastKnownFileType = image.png; path = "Icon-Small.png"; sourceTree = "<group>"; };
		0889FAB216E4008200223407 /* Icon-Small@2x.png */ = {isa = PBXFileReference; lastKnownFileType = image.png; path = "Icon-Small@2x.png"; sourceTree = "<group>"; };
		0889FAB316E4008200223407 /* Icon.png */ = {isa = PBXFileReference; lastKnownFileType = image.png; path = Icon.png; sourceTree = "<group>"; };
		0889FAB416E4008200223407 /* Icon@2x.png */ = {isa = PBXFileReference; lastKnownFileType = image.png; path = "Icon@2x.png"; sourceTree = "<group>"; };
		0889FAB516E4008200223407 /* iTunesArtwork.png */ = {isa = PBXFileReference; lastKnownFileType = image.png; path = iTunesArtwork.png; sourceTree = "<group>"; };
		0889FAB616E4008200223407 /* iTunesArtwork@2x.png */ = {isa = PBXFileReference; lastKnownFileType = image.png; path = "iTunesArtwork@2x.png"; sourceTree = "<group>"; };
		0889FAB716E4008200223407 /* nav-logo.png */ = {isa = PBXFileReference; lastKnownFileType = image.png; path = "nav-logo.png"; sourceTree = "<group>"; };
		0889FAB816E4008200223407 /* nav-logo@2x.png */ = {isa = PBXFileReference; lastKnownFileType = image.png; path = "nav-logo@2x.png"; sourceTree = "<group>"; };
		0889FAB916E4008200223407 /* rock.png */ = {isa = PBXFileReference; lastKnownFileType = image.png; path = rock.png; sourceTree = "<group>"; };
		0889FABA16E4008200223407 /* sync-button@2x-02.png */ = {isa = PBXFileReference; lastKnownFileType = image.png; path = "sync-button@2x-02.png"; sourceTree = "<group>"; };
		0889FAEF16E41FEF00223407 /* room-1@2x.png */ = {isa = PBXFileReference; lastKnownFileType = image.png; path = "room-1@2x.png"; sourceTree = "<group>"; };
		0889FAF016E41FEF00223407 /* room-2@2x.png */ = {isa = PBXFileReference; lastKnownFileType = image.png; path = "room-2@2x.png"; sourceTree = "<group>"; };
		0889FAF116E41FEF00223407 /* room-3@2x.png */ = {isa = PBXFileReference; lastKnownFileType = image.png; path = "room-3@2x.png"; sourceTree = "<group>"; };
		089EA48116E325D600F03AC0 /* DSCell.h */ = {isa = PBXFileReference; fileEncoding = 4; lastKnownFileType = sourcecode.c.h; path = DSCell.h; sourceTree = "<group>"; };
		089EA48216E325D600F03AC0 /* DSCell.m */ = {isa = PBXFileReference; fileEncoding = 4; lastKnownFileType = sourcecode.c.objc; path = DSCell.m; sourceTree = "<group>"; };
		6595613716E2AEE700481BA5 /* DiscoSync.app */ = {isa = PBXFileReference; explicitFileType = wrapper.application; includeInIndex = 0; path = DiscoSync.app; sourceTree = BUILT_PRODUCTS_DIR; };
		6595613A16E2AEE700481BA5 /* UIKit.framework */ = {isa = PBXFileReference; lastKnownFileType = wrapper.framework; name = UIKit.framework; path = System/Library/Frameworks/UIKit.framework; sourceTree = SDKROOT; };
		6595613C16E2AEE700481BA5 /* Foundation.framework */ = {isa = PBXFileReference; lastKnownFileType = wrapper.framework; name = Foundation.framework; path = System/Library/Frameworks/Foundation.framework; sourceTree = SDKROOT; };
		6595613E16E2AEE700481BA5 /* CoreGraphics.framework */ = {isa = PBXFileReference; lastKnownFileType = wrapper.framework; name = CoreGraphics.framework; path = System/Library/Frameworks/CoreGraphics.framework; sourceTree = SDKROOT; };
		6595614216E2AEE700481BA5 /* DiscoSync-Info.plist */ = {isa = PBXFileReference; lastKnownFileType = text.plist.xml; path = "DiscoSync-Info.plist"; sourceTree = "<group>"; };
		6595614416E2AEE700481BA5 /* en */ = {isa = PBXFileReference; lastKnownFileType = text.plist.strings; name = en; path = en.lproj/InfoPlist.strings; sourceTree = "<group>"; };
		6595614616E2AEE700481BA5 /* main.m */ = {isa = PBXFileReference; lastKnownFileType = sourcecode.c.objc; path = main.m; sourceTree = "<group>"; };
		6595614816E2AEE700481BA5 /* DiscoSync-Prefix.pch */ = {isa = PBXFileReference; lastKnownFileType = sourcecode.c.h; path = "DiscoSync-Prefix.pch"; sourceTree = "<group>"; };
		6595614916E2AEE700481BA5 /* DSAppDelegate.h */ = {isa = PBXFileReference; lastKnownFileType = sourcecode.c.h; path = DSAppDelegate.h; sourceTree = "<group>"; };
		6595614A16E2AEE700481BA5 /* DSAppDelegate.m */ = {isa = PBXFileReference; lastKnownFileType = sourcecode.c.objc; path = DSAppDelegate.m; sourceTree = "<group>"; };
		6595614C16E2AEE700481BA5 /* Default.png */ = {isa = PBXFileReference; lastKnownFileType = image.png; path = Default.png; sourceTree = "<group>"; };
		6595614E16E2AEE700481BA5 /* Default@2x.png */ = {isa = PBXFileReference; lastKnownFileType = image.png; path = "Default@2x.png"; sourceTree = "<group>"; };
		6595615016E2AEE700481BA5 /* Default-568h@2x.png */ = {isa = PBXFileReference; lastKnownFileType = image.png; path = "Default-568h@2x.png"; sourceTree = "<group>"; };
		6595615316E2AEE700481BA5 /* en */ = {isa = PBXFileReference; lastKnownFileType = file.storyboard; name = en; path = en.lproj/MainStoryboard.storyboard; sourceTree = "<group>"; };
		6595615516E2AEE700481BA5 /* DSViewController.h */ = {isa = PBXFileReference; lastKnownFileType = sourcecode.c.h; path = DSViewController.h; sourceTree = "<group>"; };
		6595615616E2AEE700481BA5 /* DSViewController.m */ = {isa = PBXFileReference; lastKnownFileType = sourcecode.c.objc; path = DSViewController.m; sourceTree = "<group>"; };
/* End PBXFileReference section */

/* Begin PBXFrameworksBuildPhase section */
		6595613416E2AEE700481BA5 /* Frameworks */ = {
			isa = PBXFrameworksBuildPhase;
			buildActionMask = 2147483647;
			files = (
				0889FAA316E3F4AA00223407 /* libicucore.dylib in Frameworks */,
				08490AC216E2BA24007CF3E6 /* CFNetwork.framework in Frameworks */,
				08490ABD16E2BA11007CF3E6 /* MediaPlayer.framework in Frameworks */,
				6595613B16E2AEE700481BA5 /* UIKit.framework in Frameworks */,
				08B425EA16E3355D00A2C729 /* Firebase.framework in Frameworks */,
				08B425EB16E3358400A2C729 /* Security.framework in Frameworks */,
				6595613D16E2AEE700481BA5 /* Foundation.framework in Frameworks */,
				6595613F16E2AEE700481BA5 /* CoreGraphics.framework in Frameworks */,
			);
			runOnlyForDeploymentPostprocessing = 0;
		};
/* End PBXFrameworksBuildPhase section */

/* Begin PBXGroup section */
		0889FAA516E3F7DB00223407 /* De-Chunker */ = {
			isa = PBXGroup;
			children = (
			);
			name = "De-Chunker";
			sourceTree = "<group>";
		};
		089EA48016E325C400F03AC0 /* UI */ = {
			isa = PBXGroup;
			children = (
				089EA48116E325D600F03AC0 /* DSCell.h */,
				089EA48216E325D600F03AC0 /* DSCell.m */,
			);
			name = UI;
			sourceTree = "<group>";
		};
		08B425E216E3352E00A2C729 /* Products */ = {
			isa = PBXGroup;
			name = Products;
			sourceTree = "<group>";
		};
		08B425E416E3352E00A2C729 /* Products */ = {
			isa = PBXGroup;
			name = Products;
			sourceTree = "<group>";
		};
		08B425E616E3352E00A2C729 /* Products */ = {
			isa = PBXGroup;
			name = Products;
			sourceTree = "<group>";
		};
		6595612E16E2AEE700481BA5 = {
			isa = PBXGroup;
			children = (
				6595614016E2AEE700481BA5 /* Classes */,
				6595613916E2AEE700481BA5 /* Frameworks */,
				6595616016E2B06700481BA5 /* Resources */,
				6595613816E2AEE700481BA5 /* Products */,
			);
			sourceTree = "<group>";
		};
		6595613816E2AEE700481BA5 /* Products */ = {
			isa = PBXGroup;
			children = (
				6595613716E2AEE700481BA5 /* DiscoSync.app */,
			);
			name = Products;
			sourceTree = "<group>";
		};
		6595613916E2AEE700481BA5 /* Frameworks */ = {
			isa = PBXGroup;
			children = (
				0889FAA216E3F4AA00223407 /* libicucore.dylib */,
				084911A216E31584007CF3E6 /* Firebase.framework */,
				0849115C16E3011F007CF3E6 /* Security.framework */,
				08490AC316E2BA2B007CF3E6 /* QuartzCore.framework */,
				08490AC116E2BA24007CF3E6 /* CFNetwork.framework */,
				08490ABF16E2BA1A007CF3E6 /* AudioToolbox.framework */,
				08490ABC16E2BA11007CF3E6 /* MediaPlayer.framework */,
				08490AA516E2B293007CF3E6 /* CoreAudio.framework */,
				6595613A16E2AEE700481BA5 /* UIKit.framework */,
				6595613C16E2AEE700481BA5 /* Foundation.framework */,
				6595613E16E2AEE700481BA5 /* CoreGraphics.framework */,
			);
			name = Frameworks;
			sourceTree = "<group>";
		};
		6595614016E2AEE700481BA5 /* Classes */ = {
			isa = PBXGroup;
			children = (
				0889FAA516E3F7DB00223407 /* De-Chunker */,
				089EA48016E325C400F03AC0 /* UI */,
				6595614916E2AEE700481BA5 /* DSAppDelegate.h */,
				6595614A16E2AEE700481BA5 /* DSAppDelegate.m */,
				6595615216E2AEE700481BA5 /* MainStoryboard.storyboard */,
				6595615F16E2AFED00481BA5 /* View Controllers */,
				6595614116E2AEE700481BA5 /* Supporting Files */,
			);
			name = Classes;
			path = classes;
			sourceTree = "<group>";
		};
		6595614116E2AEE700481BA5 /* Supporting Files */ = {
			isa = PBXGroup;
			children = (
				6595614216E2AEE700481BA5 /* DiscoSync-Info.plist */,
				6595614316E2AEE700481BA5 /* InfoPlist.strings */,
				6595614616E2AEE700481BA5 /* main.m */,
				6595614816E2AEE700481BA5 /* DiscoSync-Prefix.pch */,
			);
			name = "Supporting Files";
			sourceTree = "<group>";
		};
		6595615F16E2AFED00481BA5 /* View Controllers */ = {
			isa = PBXGroup;
			children = (
				6595615516E2AEE700481BA5 /* DSViewController.h */,
				6595615616E2AEE700481BA5 /* DSViewController.m */,
				08490AEC16E2CFED007CF3E6 /* DSDiscoRoomViewController.h */,
				08490AED16E2CFED007CF3E6 /* DSDiscoRoomViewController.m */,
			);
			name = "View Controllers";
			sourceTree = "<group>";
		};
		6595616016E2B06700481BA5 /* Resources */ = {
			isa = PBXGroup;
			children = (
				0889FAEF16E41FEF00223407 /* room-1@2x.png */,
				0889FAF016E41FEF00223407 /* room-2@2x.png */,
				0889FAF116E41FEF00223407 /* room-3@2x.png */,
				0889FAAD16E4008200223407 /* Icon-72.png */,
				0889FAAE16E4008200223407 /* Icon-72@2x.png */,
				0889FAAF16E4008200223407 /* Icon-Small-50.png */,
				0889FAB016E4008200223407 /* Icon-Small-50@2x.png */,
				0889FAB116E4008200223407 /* Icon-Small.png */,
				0889FAB216E4008200223407 /* Icon-Small@2x.png */,
				0889FAB316E4008200223407 /* Icon.png */,
				0889FAB416E4008200223407 /* Icon@2x.png */,
				0889FAB516E4008200223407 /* iTunesArtwork.png */,
				0889FAB616E4008200223407 /* iTunesArtwork@2x.png */,
				0889FAB716E4008200223407 /* nav-logo.png */,
				0889FAB816E4008200223407 /* nav-logo@2x.png */,
				0889FAB916E4008200223407 /* rock.png */,
				0889FABA16E4008200223407 /* sync-button@2x-02.png */,
				6595614C16E2AEE700481BA5 /* Default.png */,
				6595614E16E2AEE700481BA5 /* Default@2x.png */,
				6595615016E2AEE700481BA5 /* Default-568h@2x.png */,
			);
			name = Resources;
			path = resources;
			sourceTree = "<group>";
		};
/* End PBXGroup section */

/* Begin PBXNativeTarget section */
		6595613616E2AEE700481BA5 /* DiscoSync */ = {
			isa = PBXNativeTarget;
			buildConfigurationList = 6595615A16E2AEE700481BA5 /* Build configuration list for PBXNativeTarget "DiscoSync" */;
			buildPhases = (
				6595613316E2AEE700481BA5 /* Sources */,
				6595613416E2AEE700481BA5 /* Frameworks */,
				6595613516E2AEE700481BA5 /* Resources */,
			);
			buildRules = (
			);
			dependencies = (
			);
			name = DiscoSync;
			productName = DiscoSync;
			productReference = 6595613716E2AEE700481BA5 /* DiscoSync.app */;
			productType = "com.apple.product-type.application";
		};
/* End PBXNativeTarget section */

/* Begin PBXProject section */
		6595612F16E2AEE700481BA5 /* Project object */ = {
			isa = PBXProject;
			attributes = {
				CLASSPREFIX = DS;
				LastUpgradeCheck = 0460;
				ORGANIZATIONNAME = Feathr;
			};
			buildConfigurationList = 6595613216E2AEE700481BA5 /* Build configuration list for PBXProject "DiscoSync" */;
			compatibilityVersion = "Xcode 3.2";
			developmentRegion = English;
			hasScannedForEncodings = 0;
			knownRegions = (
				en,
			);
			mainGroup = 6595612E16E2AEE700481BA5;
			productRefGroup = 6595613816E2AEE700481BA5 /* Products */;
			projectDirPath = "";
			projectReferences = (
				{
					ProductGroup = 08B425E416E3352E00A2C729 /* Products */;
					ProjectRef = 08490BD016E2FEC2007CF3E6 /* SBJson.xcodeproj */;
				},
				{
					ProductGroup = 08B425E216E3352E00A2C729 /* Products */;
					ProjectRef = 08490E7116E2FEC3007CF3E6 /* SocketRocket.xcodeproj */;
				},
				{
					ProductGroup = 08B425E616E3352E00A2C729 /* Products */;
					ProjectRef = 08490B5916E2FCAD007CF3E6 /* SocketTesterARC.xcodeproj */;
				},
			);
			projectRoot = "";
			targets = (
				6595613616E2AEE700481BA5 /* DiscoSync */,
			);
		};
/* End PBXProject section */

/* Begin PBXResourcesBuildPhase section */
		6595613516E2AEE700481BA5 /* Resources */ = {
			isa = PBXResourcesBuildPhase;
			buildActionMask = 2147483647;
			files = (
				6595614516E2AEE700481BA5 /* InfoPlist.strings in Resources */,
				6595614D16E2AEE700481BA5 /* Default.png in Resources */,
				6595614F16E2AEE700481BA5 /* Default@2x.png in Resources */,
				6595615116E2AEE700481BA5 /* Default-568h@2x.png in Resources */,
				6595615416E2AEE700481BA5 /* MainStoryboard.storyboard in Resources */,
				0889FABB16E4008200223407 /* Icon-72.png in Resources */,
				0889FABC16E4008200223407 /* Icon-72@2x.png in Resources */,
				0889FABD16E4008200223407 /* Icon-Small-50.png in Resources */,
				0889FABE16E4008200223407 /* Icon-Small-50@2x.png in Resources */,
				0889FABF16E4008200223407 /* Icon-Small.png in Resources */,
				0889FAC016E4008200223407 /* Icon-Small@2x.png in Resources */,
				0889FAC116E4008200223407 /* Icon.png in Resources */,
				0889FAC216E4008200223407 /* Icon@2x.png in Resources */,
				0889FAC316E4008200223407 /* iTunesArtwork.png in Resources */,
				0889FAC416E4008200223407 /* iTunesArtwork@2x.png in Resources */,
				0889FAC516E4008200223407 /* nav-logo.png in Resources */,
				0889FAC616E4008200223407 /* nav-logo@2x.png in Resources */,
				0889FAC716E4008200223407 /* rock.png in Resources */,
				0889FAC816E4008200223407 /* sync-button@2x-02.png in Resources */,
				0889FAF216E41FEF00223407 /* room-1@2x.png in Resources */,
				0889FAF316E41FEF00223407 /* room-2@2x.png in Resources */,
				0889FAF416E41FEF00223407 /* room-3@2x.png in Resources */,
			);
			runOnlyForDeploymentPostprocessing = 0;
		};
/* End PBXResourcesBuildPhase section */

/* Begin PBXSourcesBuildPhase section */
		6595613316E2AEE700481BA5 /* Sources */ = {
			isa = PBXSourcesBuildPhase;
			buildActionMask = 2147483647;
			files = (
				6595614716E2AEE700481BA5 /* main.m in Sources */,
				6595614B16E2AEE700481BA5 /* DSAppDelegate.m in Sources */,
				6595615716E2AEE700481BA5 /* DSViewController.m in Sources */,
				08490AEE16E2CFEE007CF3E6 /* DSDiscoRoomViewController.m in Sources */,
				089EA48316E325D600F03AC0 /* DSCell.m in Sources */,
			);
			runOnlyForDeploymentPostprocessing = 0;
		};
/* End PBXSourcesBuildPhase section */

/* Begin PBXVariantGroup section */
		6595614316E2AEE700481BA5 /* InfoPlist.strings */ = {
			isa = PBXVariantGroup;
			children = (
				6595614416E2AEE700481BA5 /* en */,
			);
			name = InfoPlist.strings;
			sourceTree = "<group>";
		};
		6595615216E2AEE700481BA5 /* MainStoryboard.storyboard */ = {
			isa = PBXVariantGroup;
			children = (
				6595615316E2AEE700481BA5 /* en */,
			);
			name = MainStoryboard.storyboard;
			sourceTree = "<group>";
		};
/* End PBXVariantGroup section */

/* Begin XCBuildConfiguration section */
		6595615816E2AEE700481BA5 /* Debug */ = {
			isa = XCBuildConfiguration;
			buildSettings = {
				ALWAYS_SEARCH_USER_PATHS = NO;
				CLANG_CXX_LANGUAGE_STANDARD = "gnu++0x";
				CLANG_CXX_LIBRARY = "libc++";
				CLANG_ENABLE_OBJC_ARC = YES;
				CLANG_WARN_CONSTANT_CONVERSION = YES;
				CLANG_WARN_EMPTY_BODY = YES;
				CLANG_WARN_ENUM_CONVERSION = YES;
				CLANG_WARN_INT_CONVERSION = YES;
				CLANG_WARN__DUPLICATE_METHOD_MATCH = YES;
				"CODE_SIGN_IDENTITY[sdk=iphoneos*]" = "iPhone Developer";
				COPY_PHASE_STRIP = NO;
				GCC_C_LANGUAGE_STANDARD = gnu99;
				GCC_DYNAMIC_NO_PIC = NO;
				GCC_OPTIMIZATION_LEVEL = 0;
				GCC_PREPROCESSOR_DEFINITIONS = (
					"DEBUG=1",
					"$(inherited)",
				);
				GCC_SYMBOLS_PRIVATE_EXTERN = NO;
				GCC_WARN_ABOUT_RETURN_TYPE = YES;
				GCC_WARN_UNINITIALIZED_AUTOS = YES;
				GCC_WARN_UNUSED_VARIABLE = YES;
				IPHONEOS_DEPLOYMENT_TARGET = 5.0;
				ONLY_ACTIVE_ARCH = YES;
				SDKROOT = iphoneos;
			};
			name = Debug;
		};
		6595615916E2AEE700481BA5 /* Release */ = {
			isa = XCBuildConfiguration;
			buildSettings = {
				ALWAYS_SEARCH_USER_PATHS = NO;
				CLANG_CXX_LANGUAGE_STANDARD = "gnu++0x";
				CLANG_CXX_LIBRARY = "libc++";
				CLANG_ENABLE_OBJC_ARC = YES;
				CLANG_WARN_CONSTANT_CONVERSION = YES;
				CLANG_WARN_EMPTY_BODY = YES;
				CLANG_WARN_ENUM_CONVERSION = YES;
				CLANG_WARN_INT_CONVERSION = YES;
				CLANG_WARN__DUPLICATE_METHOD_MATCH = YES;
				"CODE_SIGN_IDENTITY[sdk=iphoneos*]" = "iPhone Developer";
				COPY_PHASE_STRIP = YES;
				GCC_C_LANGUAGE_STANDARD = gnu99;
				GCC_WARN_ABOUT_RETURN_TYPE = YES;
				GCC_WARN_UNINITIALIZED_AUTOS = YES;
				GCC_WARN_UNUSED_VARIABLE = YES;
				IPHONEOS_DEPLOYMENT_TARGET = 5.0;
				OTHER_CFLAGS = "-DNS_BLOCK_ASSERTIONS=1";
				SDKROOT = iphoneos;
				VALIDATE_PRODUCT = YES;
			};
			name = Release;
		};
		6595615B16E2AEE700481BA5 /* Debug */ = {
			isa = XCBuildConfiguration;
			buildSettings = {
				FRAMEWORK_SEARCH_PATHS = (
					"$(inherited)",
					"\"$(SRCROOT)\"",
				);
				GCC_PRECOMPILE_PREFIX_HEADER = YES;
				GCC_PREFIX_HEADER = "classes/DiscoSync-Prefix.pch";
				INFOPLIST_FILE = "$(SRCROOT)/classes/DiscoSync-Info.plist";
				"OTHER_LDFLAGS[arch=*]" = "-ObjC";
				PRODUCT_NAME = "$(TARGET_NAME)";
				WRAPPER_EXTENSION = app;
			};
			name = Debug;
		};
		6595615C16E2AEE700481BA5 /* Release */ = {
			isa = XCBuildConfiguration;
			buildSettings = {
				FRAMEWORK_SEARCH_PATHS = (
					"$(inherited)",
					"\"$(SRCROOT)\"",
				);
				GCC_PRECOMPILE_PREFIX_HEADER = YES;
				GCC_PREFIX_HEADER = "classes/DiscoSync-Prefix.pch";
				INFOPLIST_FILE = "$(SRCROOT)/classes/DiscoSync-Info.plist";
				PRODUCT_NAME = "$(TARGET_NAME)";
				WRAPPER_EXTENSION = app;
			};
			name = Release;
		};
/* End XCBuildConfiguration section */

/* Begin XCConfigurationList section */
		6595613216E2AEE700481BA5 /* Build configuration list for PBXProject "DiscoSync" */ = {
			isa = XCConfigurationList;
			buildConfigurations = (
				6595615816E2AEE700481BA5 /* Debug */,
				6595615916E2AEE700481BA5 /* Release */,
			);
			defaultConfigurationIsVisible = 0;
			defaultConfigurationName = Release;
		};
		6595615A16E2AEE700481BA5 /* Build configuration list for PBXNativeTarget "DiscoSync" */ = {
			isa = XCConfigurationList;
			buildConfigurations = (
				6595615B16E2AEE700481BA5 /* Debug */,
				6595615C16E2AEE700481BA5 /* Release */,
			);
			defaultConfigurationIsVisible = 0;
			defaultConfigurationName = Release;
		};
/* End XCConfigurationList section */
	};
	rootObject = 6595612F16E2AEE700481BA5 /* Project object */;
}
